# Generated by pub
# See https://dart.dev/tools/pub/glossary#lockfile
packages:
  _fe_analyzer_shared:
    dependency: transitive
    description:
      name: _fe_analyzer_shared
      sha256: "8880b4cfe7b5b17d57c052a5a3a8cc1d4f546261c7cc8fbd717bd53f48db0568"
      url: "https://pub.dev"
    source: hosted
    version: "59.0.0"
  analyzer:
    dependency: "direct dev"
    description:
      name: analyzer
      sha256: a89627f49b0e70e068130a36571409726b04dab12da7e5625941d2c8ec278b96
      url: "https://pub.dev"
    source: hosted
    version: "5.11.1"
  args:
    dependency: transitive
    description:
      name: args
      sha256: "4cab82a83ffef80b262ddedf47a0a8e56ee6fbf7fe21e6e768b02792034dd440"
      url: "https://pub.dev"
    source: hosted
    version: "2.4.0"
  async:
    dependency: transitive
    description:
      name: async
      sha256: "947bfcf187f74dbc5e146c9eb9c0f10c9f8b30743e341481c1e2ed3ecc18c20c"
      url: "https://pub.dev"
    source: hosted
    version: "2.11.0"
  change:
    dependency: transitive
    description:
      name: change
      sha256: b4d4aceb94f5081d40a2c08211bd779e55373265ce2304b7b38b5c4c218a9263
      url: "https://pub.dev"
    source: hosted
    version: "0.6.0"
  checked_yaml:
    dependency: transitive
    description:
      name: checked_yaml
      sha256: "3d1505d91afa809d177efd4eed5bb0eb65805097a1463abdd2add076effae311"
      url: "https://pub.dev"
    source: hosted
    version: "2.0.2"
  cider:
    dependency: "direct dev"
    description:
      name: cider
      sha256: "714a853bf92701b982496df0bd601c0cf2d882cfc1f2d41ae9aff2b20cee016a"
      url: "https://pub.dev"
    source: hosted
    version: "0.1.5"
  clock:
    dependency: transitive
    description:
      name: clock
      sha256: cb6d7f03e1de671e34607e909a7213e31d7752be4fb66a86d29fe1eb14bfb5cf
      url: "https://pub.dev"
    source: hosted
    version: "1.1.1"
  collection:
    dependency: transitive
    description:
      name: collection
      sha256: "4a07be6cb69c84d677a6c3096fcf960cc3285a8330b4603e0d463d15d9bd934c"
      url: "https://pub.dev"
    source: hosted
    version: "1.17.1"
  convert:
    dependency: transitive
    description:
      name: convert
      sha256: "0f08b14755d163f6e2134cb58222dd25ea2a2ee8a195e53983d57c075324d592"
      url: "https://pub.dev"
    source: hosted
    version: "3.1.1"
  crypto:
    dependency: transitive
    description:
      name: crypto
      sha256: aa274aa7774f8964e4f4f38cc994db7b6158dd36e9187aaceaddc994b35c6c67
      url: "https://pub.dev"
    source: hosted
    version: "3.0.2"
  ffi:
    dependency: transitive
    description:
      name: ffi
      sha256: a38574032c5f1dd06c4aee541789906c12ccaab8ba01446e800d9c5b79c4a978
      url: "https://pub.dev"
    source: hosted
    version: "2.0.1"
  file:
    dependency: transitive
    description:
      name: file
      sha256: "1b92bec4fc2a72f59a8e15af5f52cd441e4a7860b49499d69dfa817af20e925d"
      url: "https://pub.dev"
    source: hosted
    version: "6.1.4"
  flutter_lints:
    dependency: transitive
    description:
      name: flutter_lints
      sha256: aeb0b80a8b3709709c9cc496cdc027c5b3216796bc0af0ce1007eaf24464fd4c
      url: "https://pub.dev"
    source: hosted
    version: "2.0.1"
  glob:
    dependency: transitive
    description:
      name: glob
      sha256: "4515b5b6ddb505ebdd242a5f2cc5d22d3d6a80013789debfbda7777f47ea308c"
      url: "https://pub.dev"
    source: hosted
    version: "2.1.1"
  intl:
    dependency: transitive
    description:
      name: intl
      sha256: "3bc132a9dbce73a7e4a21a17d06e1878839ffbf975568bc875c60537824b0c4d"
      url: "https://pub.dev"
    source: hosted
    version: "0.18.1"
  json_annotation:
    dependency: transitive
    description:
      name: json_annotation
      sha256: c33da08e136c3df0190bd5bbe51ae1df4a7d96e7954d1d7249fea2968a72d317
      url: "https://pub.dev"
    source: hosted
    version: "4.8.0"
  klizma:
    dependency: transitive
    description:
      name: klizma
      sha256: "3bb0ed5cc183274e39d48fa42a61484e4dda3dc52970aa902379c7403cd7f0f2"
      url: "https://pub.dev"
    source: hosted
    version: "0.2.1"
  libedax4dart:
    dependency: "direct main"
    description:
      name: libedax4dart
      sha256: "1cb46d0555ded81fcc6d377b4df5a72490de17a1abbb8cb093a3064bb22be139"
      url: "https://pub.dev"
    source: hosted
    version: "6.4.0"
  lints:
    dependency: transitive
    description:
      name: lints
      sha256: "5e4a9cd06d447758280a8ac2405101e0e2094d2a1dbdd3756aec3fe7775ba593"
      url: "https://pub.dev"
    source: hosted
    version: "2.0.1"
  markdown:
    dependency: transitive
    description:
      name: markdown
      sha256: d95a9d12954aafc97f984ca29baaa7690ed4d9ec4140a23ad40580bcdb6c87f5
      url: "https://pub.dev"
    source: hosted
    version: "7.0.2"
  marker:
    dependency: transitive
    description:
      name: marker
      sha256: "970eb97ea43752bd443b91d992068575f37bcc7f952c01334779673b7db23114"
      url: "https://pub.dev"
    source: hosted
    version: "0.5.1"
  meta:
    dependency: "direct main"
    description:
      name: meta
      sha256: "3c74dbf8763d36539f114c799d8a2d87343b5067e9d796ca22b5eb8437090ee3"
      url: "https://pub.dev"
    source: hosted
    version: "1.9.1"
  package_config:
    dependency: transitive
    description:
      name: package_config
      sha256: "1c5b77ccc91e4823a5af61ee74e6b972db1ef98c2ff5a18d3161c982a55448bd"
      url: "https://pub.dev"
    source: hosted
    version: "2.1.0"
  path:
    dependency: transitive
    description:
      name: path
      sha256: "8829d8a55c13fc0e37127c29fedf290c102f4e40ae94ada574091fe0ff96c917"
      url: "https://pub.dev"
    source: hosted
    version: "1.8.3"
  pedantic_sensuikan1973:
    dependency: "direct dev"
    description:
      name: pedantic_sensuikan1973
      sha256: a29879cea842d14fdbceea8f23e87223966f005f73d48fea3809451e0165adf5
      url: "https://pub.dev"
    source: hosted
    version: "4.4.0"
  pub_semver:
    dependency: transitive
    description:
      name: pub_semver
      sha256: "307de764d305289ff24ad257ad5c5793ce56d04947599ad68b3baa124105fc17"
      url: "https://pub.dev"
    source: hosted
    version: "2.1.3"
  pubspec_parse:
    dependency: transitive
    description:
      name: pubspec_parse
      sha256: ec85d7d55339d85f44ec2b682a82fea340071e8978257e5a43e69f79e98ef50c
      url: "https://pub.dev"
    source: hosted
    version: "1.2.2"
  rfc_6901:
    dependency: transitive
    description:
      name: rfc_6901
      sha256: "8d97680dada633146cf75ab9382f2ce2b7e4bd63ceecd867416cf43b5832b988"
      url: "https://pub.dev"
    source: hosted
    version: "0.1.1"
  source_span:
    dependency: transitive
    description:
      name: source_span
      sha256: "53e943d4206a5e30df338fd4c6e7a077e02254531b138a15aec3bd143c1a8b3c"
      url: "https://pub.dev"
    source: hosted
    version: "1.10.0"
  string_scanner:
    dependency: transitive
    description:
      name: string_scanner
      sha256: "556692adab6cfa87322a115640c11f13cb77b3f076ddcc5d6ae3c20242bedcde"
      url: "https://pub.dev"
    source: hosted
    version: "1.2.0"
  term_glyph:
    dependency: transitive
    description:
      name: term_glyph
      sha256: a29248a84fbb7c79282b40b8c72a1209db169a2e0542bce341da992fe1bc7e84
      url: "https://pub.dev"
    source: hosted
    version: "1.2.1"
  typed_data:
    dependency: transitive
    description:
      name: typed_data
      sha256: "26f87ade979c47a150c9eaab93ccd2bebe70a27dc0b4b29517f2904f04eb11a5"
      url: "https://pub.dev"
    source: hosted
    version: "1.3.1"
  version_manipulation:
    dependency: transitive
    description:
      name: version_manipulation
      sha256: "2fcb0597589e894082ebde9140b5c018c0858215eef39539d87c200e3da82ec0"
      url: "https://pub.dev"
    source: hosted
    version: "0.1.1"
  watcher:
    dependency: transitive
    description:
      name: watcher
      sha256: "6a7f46926b01ce81bfc339da6a7f20afbe7733eff9846f6d6a5466aa4c6667c0"
      url: "https://pub.dev"
    source: hosted
    version: "1.0.2"
  yaml:
    dependency: transitive
    description:
      name: yaml
      sha256: "23812a9b125b48d4007117254bca50abb6c712352927eece9e155207b1db2370"
      url: "https://pub.dev"
    source: hosted
    version: "3.1.1"
sdks:
  dart: ">=2.19.6 <3.0.0"
